
Microsoft Visual Studio Solution File, Format Version 12.00
# Visual Studio Version 16
VisualStudioVersion = 16.0.29613.14
MinimumVisualStudioVersion = 10.0.40219.1
Project("{FAE04EC0-301F-11D3-BF4B-00C04F79EFBC}") = "CharRange", "CharRange\CharRange.csproj", "{2D40A437-928E-409F-BB2A-4713B5E8BEBE}"
EndProject
Project("{FAE04EC0-301F-11D3-BF4B-00C04F79EFBC}") = "CharRangeDemo", "CharRangeDemo\CharRangeDemo.csproj", "{7B64AF17-5AA8-499D-8769-34C95E740E36}"
EndProject
Global
	GlobalSection(SolutionConfigurationPlatforms) = preSolution
		Debug|Any CPU = Debug|Any CPU
		Release|Any CPU = Release|Any CPU
	EndGlobalSection
	GlobalSection(ProjectConfigurationPlatforms) = postSolution
		{2D40A437-928E-409F-BB2A-4713B5E8BEBE}.Debug|Any CPU.ActiveCfg = Debug|Any CPU
		{2D40A437-928E-409F-BB2A-4713B5E8BEBE}.Debug|Any CPU.Build.0 = Debug|Any CPU
		{2D40A437-928E-409F-BB2A-4713B5E8BEBE}.Release|Any CPU.ActiveCfg = Release|Any CPU
		{2D40A437-928E-409F-BB2A-4713B5E8BEBE}.Release|Any CPU.Build.0 = Release|Any CPU
		{7B64AF17-5AA8-499D-8769-34C95E740E36}.Debug|Any CPU.ActiveCfg = Debug|Any CPU
		{7B64AF17-5AA8-499D-8769-34C95E740E36}.Debug|Any CPU.Build.0 = Debug|Any CPU
		{7B64AF17-5AA8-499D-8769-34C95E740E36}.Release|Any CPU.ActiveCfg = Release|Any CPU
		{7B64AF17-5AA8-499D-8769-34C95E740E36}.Release|Any CPU.Build.0 = Release|Any CPU
	EndGlobalSection
	GlobalSection(SolutionProperties) = preSolution
		HideSolutionNode = FALSE
	EndGlobalSection
	GlobalSection(ExtensibilityGlobals) = postSolution
		SolutionGuid = {8C8992D5-D524-496A-BE42-0211DB6E5F37}
	EndGlobalSection
EndGlobal
